{
  "version": 4,
  "terraform_version": "1.5.7",
  "serial": 5,
  "lineage": "5746fa3f-2162-8c10-7a22-6f17c1ae6941",
  "outputs": {
    "cluster_name": {
      "value": "my-gke-cluster",
      "type": "string"
    }
  },
  "resources": [
    {
      "mode": "managed",
      "type": "google_container_cluster",
      "name": "primary",
      "provider": "provider[\"registry.terraform.io/hashicorp/google\"]",
      "instances": [
        {
          "status": "tainted",
          "schema_version": 2,
          "attributes": {
            "addons_config": null,
            "allow_net_admin": null,
            "authenticator_groups_config": null,
            "binary_authorization": [],
            "cluster_autoscaling": null,
            "cluster_ipv4_cidr": null,
            "confidential_nodes": null,
            "cost_management_config": null,
            "database_encryption": null,
            "datapath_provider": null,
            "default_max_pods_per_node": null,
            "default_snat_status": null,
            "deletion_protection": true,
            "description": null,
            "dns_config": [],
            "enable_autopilot": null,
            "enable_cilium_clusterwide_network_policy": false,
            "enable_intranode_visibility": null,
            "enable_k8s_beta_apis": [],
            "enable_kubernetes_alpha": false,
            "enable_l4_ilb_subsetting": false,
            "enable_legacy_abac": false,
            "enable_shielded_nodes": true,
            "enable_tpu": null,
            "endpoint": null,
            "fleet": [],
            "gateway_api_config": null,
            "id": "projects/gke-proj-1-394220/locations/europe-west2-a/clusters/my-gke-cluster",
            "identity_service_config": null,
            "initial_node_count": 1,
            "ip_allocation_policy": null,
            "label_fingerprint": null,
            "location": "europe-west2-a",
            "logging_config": null,
            "logging_service": null,
            "maintenance_policy": [],
            "master_auth": null,
            "master_authorized_networks_config": null,
            "master_version": null,
            "mesh_certificates": null,
            "min_master_version": null,
            "monitoring_config": null,
            "monitoring_service": null,
            "name": "my-gke-cluster",
            "network": "default",
            "network_policy": [],
            "networking_mode": "VPC_NATIVE",
            "node_config": [
              {
                "advanced_machine_features": [],
                "boot_disk_kms_key": "",
                "confidential_nodes": [],
                "containerd_config": [],
                "disk_size_gb": 0,
                "disk_type": "",
                "effective_taints": [],
                "enable_confidential_storage": false,
                "ephemeral_storage_local_ssd_config": [],
                "fast_socket": [],
                "gcfs_config": [],
                "guest_accelerator": [],
                "gvnic": [],
                "host_maintenance_policy": [],
                "image_type": "",
                "kubelet_config": [],
                "labels": {},
                "linux_node_config": [],
                "local_nvme_ssd_block_config": [],
                "local_ssd_count": 0,
                "logging_variant": "",
                "machine_type": "e2-medium",
                "metadata": {},
                "min_cpu_platform": "",
                "node_group": "",
                "oauth_scopes": [
                  "https://www.googleapis.com/auth/cloud-platform"
                ],
                "preemptible": false,
                "reservation_affinity": [],
                "resource_labels": null,
                "resource_manager_tags": null,
                "secondary_boot_disks": [],
                "service_account": "",
                "shielded_instance_config": [],
                "sole_tenant_config": [],
                "spot": false,
                "tags": null,
                "taint": [],
                "workload_metadata_config": []
              }
            ],
            "node_locations": [],
            "node_pool": null,
            "node_pool_auto_config": null,
            "node_pool_defaults": null,
            "node_version": null,
            "notification_config": null,
            "operation": null,
            "private_cluster_config": [],
            "private_ipv6_google_access": null,
            "project": null,
            "release_channel": null,
            "remove_default_node_pool": true,
            "resource_labels": null,
            "resource_usage_export_config": [],
            "security_posture_config": null,
            "self_link": null,
            "service_external_ips_config": null,
            "services_ipv4_cidr": null,
            "subnetwork": null,
            "timeouts": null,
            "tpu_ipv4_cidr_block": null,
            "vertical_pod_autoscaling": null,
            "workload_identity_config": null
          },
          "sensitive_attributes": [],
          "private": "eyJlMmJmYjczMC1lY2FhLTExZTYtOGY4OC0zNDM2M2JjN2M0YzAiOnsiY3JlYXRlIjoyNDAwMDAwMDAwMDAwLCJkZWxldGUiOjI0MDAwMDAwMDAwMDAsInJlYWQiOjI0MDAwMDAwMDAwMDAsInVwZGF0ZSI6MzYwMDAwMDAwMDAwMH0sInNjaGVtYV92ZXJzaW9uIjoiMiJ9",
          "create_before_destroy": true
        }
      ]
    },
    {
      "mode": "managed",
      "type": "google_container_node_pool",
      "name": "primary_nodes",
      "provider": "provider[\"registry.terraform.io/hashicorp/google\"]",
      "instances": []
    },
    {
      "mode": "managed",
      "type": "google_project_iam_binding",
      "name": "pubsub_service_account_roles",
      "provider": "provider[\"registry.terraform.io/hashicorp/google\"]",
      "instances": [
        {
          "schema_version": 0,
          "attributes": {
            "condition": [],
            "etag": "BwYZnDE0LyE=",
            "id": "gke-proj-1-394220/roles/pubsub.subscriber",
            "members": [
              "serviceAccount:pubsub-service-account@gke-proj-1-394220.iam.gserviceaccount.com"
            ],
            "project": "gke-proj-1-394220",
            "role": "roles/pubsub.subscriber"
          },
          "sensitive_attributes": [],
          "private": "bnVsbA==",
          "dependencies": [
            "google_service_account.pubsub_service_account"
          ]
        }
      ]
    },
    {
      "mode": "managed",
      "type": "google_pubsub_subscription",
      "name": "order_subscription",
      "provider": "provider[\"registry.terraform.io/hashicorp/google\"]",
      "instances": [
        {
          "schema_version": 0,
          "attributes": {
            "ack_deadline_seconds": 10,
            "bigquery_config": [],
            "cloud_storage_config": [],
            "dead_letter_policy": [],
            "effective_labels": {},
            "enable_exactly_once_delivery": false,
            "enable_message_ordering": false,
            "expiration_policy": [
              {
                "ttl": "2678400s"
              }
            ],
            "filter": "",
            "id": "projects/gke-proj-1-394220/subscriptions/order-subscription",
            "labels": null,
            "message_retention_duration": "604800s",
            "name": "order-subscription",
            "project": "gke-proj-1-394220",
            "push_config": [],
            "retain_acked_messages": false,
            "retry_policy": [],
            "terraform_labels": {},
            "timeouts": null,
            "topic": "projects/gke-proj-1-394220/topics/order"
          },
          "sensitive_attributes": [],
          "private": "eyJlMmJmYjczMC1lY2FhLTExZTYtOGY4OC0zNDM2M2JjN2M0YzAiOnsiY3JlYXRlIjoxMjAwMDAwMDAwMDAwLCJkZWxldGUiOjEyMDAwMDAwMDAwMDAsInVwZGF0ZSI6MTIwMDAwMDAwMDAwMH19",
          "dependencies": [
            "google_pubsub_topic.order"
          ]
        }
      ]
    },
    {
      "mode": "managed",
      "type": "google_pubsub_topic",
      "name": "order",
      "provider": "provider[\"registry.terraform.io/hashicorp/google\"]",
      "instances": [
        {
          "schema_version": 0,
          "attributes": {
            "effective_labels": {},
            "id": "projects/gke-proj-1-394220/topics/order",
            "ingestion_data_source_settings": [],
            "kms_key_name": "",
            "labels": null,
            "message_retention_duration": "",
            "message_storage_policy": [],
            "name": "order",
            "project": "gke-proj-1-394220",
            "schema_settings": [],
            "terraform_labels": {},
            "timeouts": null
          },
          "sensitive_attributes": [],
          "private": "eyJlMmJmYjczMC1lY2FhLTExZTYtOGY4OC0zNDM2M2JjN2M0YzAiOnsiY3JlYXRlIjoxMjAwMDAwMDAwMDAwLCJkZWxldGUiOjEyMDAwMDAwMDAwMDAsInVwZGF0ZSI6MTIwMDAwMDAwMDAwMH19"
        }
      ]
    },
    {
      "mode": "managed",
      "type": "google_service_account",
      "name": "pubsub_service_account",
      "provider": "provider[\"registry.terraform.io/hashicorp/google\"]",
      "instances": [
        {
          "schema_version": 0,
          "attributes": {
            "account_id": "pubsub-service-account",
            "create_ignore_already_exists": null,
            "description": "",
            "disabled": false,
            "display_name": "Pub/Sub Service Account",
            "email": "pubsub-service-account@gke-proj-1-394220.iam.gserviceaccount.com",
            "id": "projects/gke-proj-1-394220/serviceAccounts/pubsub-service-account@gke-proj-1-394220.iam.gserviceaccount.com",
            "member": "serviceAccount:pubsub-service-account@gke-proj-1-394220.iam.gserviceaccount.com",
            "name": "projects/gke-proj-1-394220/serviceAccounts/pubsub-service-account@gke-proj-1-394220.iam.gserviceaccount.com",
            "project": "gke-proj-1-394220",
            "timeouts": null,
            "unique_id": "104728070404633300029"
          },
          "sensitive_attributes": [],
          "private": "eyJlMmJmYjczMC1lY2FhLTExZTYtOGY4OC0zNDM2M2JjN2M0YzAiOnsiY3JlYXRlIjozMDAwMDAwMDAwMDB9fQ=="
        }
      ]
    }
  ],
  "check_results": null
}
